// !$*UTF8*$!
{
	archiveVersion = 1;
	classes = {
	};
	objectVersion = 55;
	objects = {

/* Begin PBXBuildFile section */
		00264D1A28B4F43A00F9BE72 /* SwiftnewsApp.swift in Sources */ = {isa = PBXBuildFile; fileRef = 00264D1928B4F43A00F9BE72 /* SwiftnewsApp.swift */; };
		00264D1E28B4F44000F9BE72 /* Assets.xcassets in Resources */ = {isa = PBXBuildFile; fileRef = 00264D1D28B4F44000F9BE72 /* Assets.xcassets */; };
		00264D2128B4F44000F9BE72 /* Preview Assets.xcassets in Resources */ = {isa = PBXBuildFile; fileRef = 00264D2028B4F44000F9BE72 /* Preview Assets.xcassets */; };
		00264D2A28B4F5B800F9BE72 /* HomeView.swift in Sources */ = {isa = PBXBuildFile; fileRef = 00264D2928B4F5B800F9BE72 /* HomeView.swift */; };
		00264D2C28B4F7F400F9BE72 /* NewsResponse.swift in Sources */ = {isa = PBXBuildFile; fileRef = 00264D2B28B4F7F400F9BE72 /* NewsResponse.swift */; };
		00264D2F28B4F99100F9BE72 /* Newsendpoints.swift in Sources */ = {isa = PBXBuildFile; fileRef = 00264D2E28B4F99100F9BE72 /* Newsendpoints.swift */; };
		00A2545228BAA795002B437B /* ErrorView.swift in Sources */ = {isa = PBXBuildFile; fileRef = 00A2545128BAA795002B437B /* ErrorView.swift */; };
		00FF801328B6088300775E64 /* ApiError.swift in Sources */ = {isa = PBXBuildFile; fileRef = 00FF801228B6088300775E64 /* ApiError.swift */; };
		00FF801628B60A4700775E64 /* NewsService.swift in Sources */ = {isa = PBXBuildFile; fileRef = 00FF801528B60A4700775E64 /* NewsService.swift */; };
		00FF801C28B623DC00775E64 /* ResultState.swift in Sources */ = {isa = PBXBuildFile; fileRef = 00FF801B28B623DC00775E64 /* ResultState.swift */; };
		00FF801F28B6242000775E64 /* NewsViewModel.swift in Sources */ = {isa = PBXBuildFile; fileRef = 00FF801E28B6242000775E64 /* NewsViewModel.swift */; };
		00FF802228B62A6400775E64 /* URLImage in Frameworks */ = {isa = PBXBuildFile; productRef = 00FF802128B62A6400775E64 /* URLImage */; };
		00FF802428B62A6400775E64 /* URLImageStore in Frameworks */ = {isa = PBXBuildFile; productRef = 00FF802328B62A6400775E64 /* URLImageStore */; };
		00FF802628B62A9000775E64 /* ArticleView.swift in Sources */ = {isa = PBXBuildFile; fileRef = 00FF802528B62A9000775E64 /* ArticleView.swift */; };
/* End PBXBuildFile section */

/* Begin PBXFileReference section */
		00264D1628B4F43A00F9BE72 /* Swiftnews.app */ = {isa = PBXFileReference; explicitFileType = wrapper.application; includeInIndex = 0; path = Swiftnews.app; sourceTree = BUILT_PRODUCTS_DIR; };
		00264D1928B4F43A00F9BE72 /* SwiftnewsApp.swift */ = {isa = PBXFileReference; lastKnownFileType = sourcecode.swift; path = SwiftnewsApp.swift; sourceTree = "<group>"; };
		00264D1D28B4F44000F9BE72 /* Assets.xcassets */ = {isa = PBXFileReference; lastKnownFileType = folder.assetcatalog; path = Assets.xcassets; sourceTree = "<group>"; };
		00264D2028B4F44000F9BE72 /* Preview Assets.xcassets */ = {isa = PBXFileReference; lastKnownFileType = folder.assetcatalog; path = "Preview Assets.xcassets"; sourceTree = "<group>"; };
		00264D2928B4F5B800F9BE72 /* HomeView.swift */ = {isa = PBXFileReference; lastKnownFileType = sourcecode.swift; path = HomeView.swift; sourceTree = "<group>"; };
		00264D2B28B4F7F400F9BE72 /* NewsResponse.swift */ = {isa = PBXFileReference; lastKnownFileType = sourcecode.swift; path = NewsResponse.swift; sourceTree = "<group>"; };
		00264D2E28B4F99100F9BE72 /* Newsendpoints.swift */ = {isa = PBXFileReference; lastKnownFileType = sourcecode.swift; path = Newsendpoints.swift; sourceTree = "<group>"; };
		00A2545128BAA795002B437B /* ErrorView.swift */ = {isa = PBXFileReference; lastKnownFileType = sourcecode.swift; path = ErrorView.swift; sourceTree = "<group>"; };
		00FF801228B6088300775E64 /* ApiError.swift */ = {isa = PBXFileReference; lastKnownFileType = sourcecode.swift; path = ApiError.swift; sourceTree = "<group>"; };
		00FF801528B60A4700775E64 /* NewsService.swift */ = {isa = PBXFileReference; lastKnownFileType = sourcecode.swift; path = NewsService.swift; sourceTree = "<group>"; };
		00FF801B28B623DC00775E64 /* ResultState.swift */ = {isa = PBXFileReference; lastKnownFileType = sourcecode.swift; path = ResultState.swift; sourceTree = "<group>"; };
		00FF801E28B6242000775E64 /* NewsViewModel.swift */ = {isa = PBXFileReference; lastKnownFileType = sourcecode.swift; path = NewsViewModel.swift; sourceTree = "<group>"; };
		00FF802528B62A9000775E64 /* ArticleView.swift */ = {isa = PBXFileReference; lastKnownFileType = sourcecode.swift; path = ArticleView.swift; sourceTree = "<group>"; };
/* End PBXFileReference section */

/* Begin PBXFrameworksBuildPhase section */
		00264D1328B4F43A00F9BE72 /* Frameworks */ = {
			isa = PBXFrameworksBuildPhase;
			buildActionMask = 2147483647;
			files = (
				00FF802428B62A6400775E64 /* URLImageStore in Frameworks */,
				00FF802228B62A6400775E64 /* URLImage in Frameworks */,
			);
			runOnlyForDeploymentPostprocessing = 0;
		};
/* End PBXFrameworksBuildPhase section */

/* Begin PBXGroup section */
		00264D0D28B4F43A00F9BE72 = {
			isa = PBXGroup;
			children = (
				00264D1828B4F43A00F9BE72 /* Swiftnews */,
				00264D1728B4F43A00F9BE72 /* Products */,
			);
			sourceTree = "<group>";
		};
		00264D1728B4F43A00F9BE72 /* Products */ = {
			isa = PBXGroup;
			children = (
				00264D1628B4F43A00F9BE72 /* Swiftnews.app */,
			);
			name = Products;
			sourceTree = "<group>";
		};
		00264D1828B4F43A00F9BE72 /* Swiftnews */ = {
			isa = PBXGroup;
			children = (
				00FF801D28B6240E00775E64 /* ViewModel */,
				00FF801A28B623C700775E64 /* States */,
				00FF801428B60A3700775E64 /* Service */,
				00FF801128B6086E00775E64 /* Errors */,
				00264D2D28B4F97900F9BE72 /* Endpoints */,
				00264D2828B4F50100F9BE72 /* Model */,
				00264D2728B4F4FA00F9BE72 /* Views */,
				00264D1928B4F43A00F9BE72 /* SwiftnewsApp.swift */,
				00264D1D28B4F44000F9BE72 /* Assets.xcassets */,
				00264D1F28B4F44000F9BE72 /* Preview Content */,
			);
			path = Swiftnews;
			sourceTree = "<group>";
		};
		00264D1F28B4F44000F9BE72 /* Preview Content */ = {
			isa = PBXGroup;
			children = (
				00264D2028B4F44000F9BE72 /* Preview Assets.xcassets */,
			);
			path = "Preview Content";
			sourceTree = "<group>";
		};
		00264D2728B4F4FA00F9BE72 /* Views */ = {
			isa = PBXGroup;
			children = (
				00264D2928B4F5B800F9BE72 /* HomeView.swift */,
				00FF802528B62A9000775E64 /* ArticleView.swift */,
				00A2545128BAA795002B437B /* ErrorView.swift */,
			);
			path = Views;
			sourceTree = "<group>";
		};
		00264D2828B4F50100F9BE72 /* Model */ = {
			isa = PBXGroup;
			children = (
				00264D2B28B4F7F400F9BE72 /* NewsResponse.swift */,
			);
			path = Model;
			sourceTree = "<group>";
		};
		00264D2D28B4F97900F9BE72 /* Endpoints */ = {
			isa = PBXGroup;
			children = (
				00264D2E28B4F99100F9BE72 /* Newsendpoints.swift */,
			);
			path = Endpoints;
			sourceTree = "<group>";
		};
		00FF801128B6086E00775E64 /* Errors */ = {
			isa = PBXGroup;
			children = (
				00FF801228B6088300775E64 /* ApiError.swift */,
			);
			path = Errors;
			sourceTree = "<group>";
		};
		00FF801428B60A3700775E64 /* Service */ = {
			isa = PBXGroup;
			children = (
				00FF801528B60A4700775E64 /* NewsService.swift */,
			);
			path = Service;
			sourceTree = "<group>";
		};
		00FF801A28B623C700775E64 /* States */ = {
			isa = PBXGroup;
			children = (
				00FF801B28B623DC00775E64 /* ResultState.swift */,
			);
			path = States;
			sourceTree = "<group>";
		};
		00FF801D28B6240E00775E64 /* ViewModel */ = {
			isa = PBXGroup;
			children = (
				00FF801E28B6242000775E64 /* NewsViewModel.swift */,
			);
			path = ViewModel;
			sourceTree = "<group>";
		};
/* End PBXGroup section */

/* Begin PBXNativeTarget section */
		00264D1528B4F43A00F9BE72 /* Swiftnews */ = {
			isa = PBXNativeTarget;
			buildConfigurationList = 00264D2428B4F44000F9BE72 /* Build configuration list for PBXNativeTarget "Swiftnews" */;
			buildPhases = (
				00264D1228B4F43A00F9BE72 /* Sources */,
				00264D1328B4F43A00F9BE72 /* Frameworks */,
				00264D1428B4F43A00F9BE72 /* Resources */,
			);
			buildRules = (
			);
			dependencies = (
			);
			name = Swiftnews;
			packageProductDependencies = (
				00FF802128B62A6400775E64 /* URLImage */,
				00FF802328B62A6400775E64 /* URLImageStore */,
			);
			productName = Swiftnews;
			productReference = 00264D1628B4F43A00F9BE72 /* Swiftnews.app */;
			productType = "com.apple.product-type.application";
		};
/* End PBXNativeTarget section */

/* Begin PBXProject section */
		00264D0E28B4F43A00F9BE72 /* Project object */ = {
			isa = PBXProject;
			attributes = {
				BuildIndependentTargetsInParallel = 1;
				LastSwiftUpdateCheck = 1330;
				LastUpgradeCheck = 1330;
				TargetAttributes = {
					00264D1528B4F43A00F9BE72 = {
						CreatedOnToolsVersion = 13.3.1;
					};
				};
			};
			buildConfigurationList = 00264D1128B4F43A00F9BE72 /* Build configuration list for PBXProject "Swiftnews" */;
			compatibilityVersion = "Xcode 13.0";
			developmentRegion = en;
			hasScannedForEncodings = 0;
			knownRegions = (
				en,
				Base,
			);
			mainGroup = 00264D0D28B4F43A00F9BE72;
			packageReferences = (
				00FF802028B62A6400775E64 /* XCRemoteSwiftPackageReference "url-image" */,
			);
			productRefGroup = 00264D1728B4F43A00F9BE72 /* Products */;
			projectDirPath = "";
			projectRoot = "";
			targets = (
				00264D1528B4F43A00F9BE72 /* Swiftnews */,
			);
		};
/* End PBXProject section */

/* Begin PBXResourcesBuildPhase section */
		00264D1428B4F43A00F9BE72 /* Resources */ = {
			isa = PBXResourcesBuildPhase;
			buildActionMask = 2147483647;
			files = (
				00264D2128B4F44000F9BE72 /* Preview Assets.xcassets in Resources */,
				00264D1E28B4F44000F9BE72 /* Assets.xcassets in Resources */,
			);
			runOnlyForDeploymentPostprocessing = 0;
		};
/* End PBXResourcesBuildPhase section */

/* Begin PBXSourcesBuildPhase section */
		00264D1228B4F43A00F9BE72 /* Sources */ = {
			isa = PBXSourcesBuildPhase;
			buildActionMask = 2147483647;
			files = (
				00FF801C28B623DC00775E64 /* ResultState.swift in Sources */,
				00FF801628B60A4700775E64 /* NewsService.swift in Sources */,
				00264D2A28B4F5B800F9BE72 /* HomeView.swift in Sources */,
				00264D1A28B4F43A00F9BE72 /* SwiftnewsApp.swift in Sources */,
				00264D2C28B4F7F400F9BE72 /* NewsResponse.swift in Sources */,
				00A2545228BAA795002B437B /* ErrorView.swift in Sources */,
				00FF801328B6088300775E64 /* ApiError.swift in Sources */,
				00264D2F28B4F99100F9BE72 /* Newsendpoints.swift in Sources */,
				00FF802628B62A9000775E64 /* ArticleView.swift in Sources */,
				00FF801F28B6242000775E64 /* NewsViewModel.swift in Sources */,
			);
			runOnlyForDeploymentPostprocessing = 0;
		};
/* End PBXSourcesBuildPhase section */

/* Begin XCBuildConfiguration section */
		00264D2228B4F44000F9BE72 /* Debug */ = {
			isa = XCBuildConfiguration;
			buildSettings = {
				ALWAYS_SEARCH_USER_PATHS = NO;
				CLANG_ANALYZER_NONNULL = YES;
				CLANG_ANALYZER_NUMBER_OBJECT_CONVERSION = YES_AGGRESSIVE;
				CLANG_CXX_LANGUAGE_STANDARD = "gnu++17";
				CLANG_ENABLE_MODULES = YES;
				CLANG_ENABLE_OBJC_ARC = YES;
				CLANG_ENABLE_OBJC_WEAK = YES;
				CLANG_WARN_BLOCK_CAPTURE_AUTORELEASING = YES;
				CLANG_WARN_BOOL_CONVERSION = YES;
				CLANG_WARN_COMMA = YES;
				CLANG_WARN_CONSTANT_CONVERSION = YES;
				CLANG_WARN_DEPRECATED_OBJC_IMPLEMENTATIONS = YES;
				CLANG_WARN_DIRECT_OBJC_ISA_USAGE = YES_ERROR;
				CLANG_WARN_DOCUMENTATION_COMMENTS = YES;
				CLANG_WARN_EMPTY_BODY = YES;
				CLANG_WARN_ENUM_CONVERSION = YES;
				CLANG_WARN_INFINITE_RECURSION = YES;
				CLANG_WARN_INT_CONVERSION = YES;
				CLANG_WARN_NON_LITERAL_NULL_CONVERSION = YES;
				CLANG_WARN_OBJC_IMPLICIT_RETAIN_SELF = YES;
				CLANG_WARN_OBJC_LITERAL_CONVERSION = YES;
				CLANG_WARN_OBJC_ROOT_CLASS = YES_ERROR;
				CLANG_WARN_QUOTED_INCLUDE_IN_FRAMEWORK_HEADER = YES;
				CLANG_WARN_RANGE_LOOP_ANALYSIS = YES;
				CLANG_WARN_STRICT_PROTOTYPES = YES;
				CLANG_WARN_SUSPICIOUS_MOVE = YES;
				CLANG_WARN_UNGUARDED_AVAILABILITY = YES_AGGRESSIVE;
				CLANG_WARN_UNREACHABLE_CODE = YES;
				CLANG_WARN__DUPLICATE_METHOD_MATCH = YES;
				COPY_PHASE_STRIP = NO;
				DEBUG_INFORMATION_FORMAT = dwarf;
				ENABLE_STRICT_OBJC_MSGSEND = YES;
				ENABLE_TESTABILITY = YES;
				GCC_C_LANGUAGE_STANDARD = gnu11;
				GCC_DYNAMIC_NO_PIC = NO;
				GCC_NO_COMMON_BLOCKS = YES;
				GCC_OPTIMIZATION_LEVEL = 0;
				GCC_PREPROCESSOR_DEFINITIONS = (
					"DEBUG=1",
					"$(inherited)",
				);
				GCC_WARN_64_TO_32_BIT_CONVERSION = YES;
				GCC_WARN_ABOUT_RETURN_TYPE = YES_ERROR;
				GCC_WARN_UNDECLARED_SELECTOR = YES;
				GCC_WARN_UNINITIALIZED_AUTOS = YES_AGGRESSIVE;
				GCC_WARN_UNUSED_FUNCTION = YES;
				GCC_WARN_UNUSED_VARIABLE = YES;
				IPHONEOS_DEPLOYMENT_TARGET = 15.4;
				MTL_ENABLE_DEBUG_INFO = INCLUDE_SOURCE;
				MTL_FAST_MATH = YES;
				ONLY_ACTIVE_ARCH = YES;
				SDKROOT = iphoneos;
				SWIFT_ACTIVE_COMPILATION_CONDITIONS = DEBUG;
				SWIFT_OPTIMIZATION_LEVEL = "-Onone";
			};
			name = Debug;
		};
		00264D2328B4F44000F9BE72 /* Release */ = {
			isa = XCBuildConfiguration;
			buildSettings = {
				ALWAYS_SEARCH_USER_PATHS = NO;
				CLANG_ANALYZER_NONNULL = YES;
				CLANG_ANALYZER_NUMBER_OBJECT_CONVERSION = YES_AGGRESSIVE;
				CLANG_CXX_LANGUAGE_STANDARD = "gnu++17";
				CLANG_ENABLE_MODULES = YES;
				CLANG_ENABLE_OBJC_ARC = YES;
				CLANG_ENABLE_OBJC_WEAK = YES;
				CLANG_WARN_BLOCK_CAPTURE_AUTORELEASING = YES;
				CLANG_WARN_BOOL_CONVERSION = YES;
				CLANG_WARN_COMMA = YES;
				CLANG_WARN_CONSTANT_CONVERSION = YES;
				CLANG_WARN_DEPRECATED_OBJC_IMPLEMENTATIONS = YES;
				CLANG_WARN_DIRECT_OBJC_ISA_USAGE = YES_ERROR;
				CLANG_WARN_DOCUMENTATION_COMMENTS = YES;
				CLANG_WARN_EMPTY_BODY = YES;
				CLANG_WARN_ENUM_CONVERSION = YES;
				CLANG_WARN_INFINITE_RECURSION = YES;
				CLANG_WARN_INT_CONVERSION = YES;
				CLANG_WARN_NON_LITERAL_NULL_CONVERSION = YES;
				CLANG_WARN_OBJC_IMPLICIT_RETAIN_SELF = YES;
				CLANG_WARN_OBJC_LITERAL_CONVERSION = YES;
				CLANG_WARN_OBJC_ROOT_CLASS = YES_ERROR;
				CLANG_WARN_QUOTED_INCLUDE_IN_FRAMEWORK_HEADER = YES;
				CLANG_WARN_RANGE_LOOP_ANALYSIS = YES;
				CLANG_WARN_STRICT_PROTOTYPES = YES;
				CLANG_WARN_SUSPICIOUS_MOVE = YES;
				CLANG_WARN_UNGUARDED_AVAILABILITY = YES_AGGRESSIVE;
				CLANG_WARN_UNREACHABLE_CODE = YES;
				CLANG_WARN__DUPLICATE_METHOD_MATCH = YES;
				COPY_PHASE_STRIP = NO;
				DEBUG_INFORMATION_FORMAT = "dwarf-with-dsym";
				ENABLE_NS_ASSERTIONS = NO;
				ENABLE_STRICT_OBJC_MSGSEND = YES;
				GCC_C_LANGUAGE_STANDARD = gnu11;
				GCC_NO_COMMON_BLOCKS = YES;
				GCC_WARN_64_TO_32_BIT_CONVERSION = YES;
				GCC_WARN_ABOUT_RETURN_TYPE = YES_ERROR;
				GCC_WARN_UNDECLARED_SELECTOR = YES;
				GCC_WARN_UNINITIALIZED_AUTOS = YES_AGGRESSIVE;
				GCC_WARN_UNUSED_FUNCTION = YES;
				GCC_WARN_UNUSED_VARIABLE = YES;
				IPHONEOS_DEPLOYMENT_TARGET = 15.4;
				MTL_ENABLE_DEBUG_INFO = NO;
				MTL_FAST_MATH = YES;
				SDKROOT = iphoneos;
				SWIFT_COMPILATION_MODE = wholemodule;
				SWIFT_OPTIMIZATION_LEVEL = "-O";
				VALIDATE_PRODUCT = YES;
			};
			name = Release;
		};
		00264D2528B4F44000F9BE72 /* Debug */ = {
			isa = XCBuildConfiguration;
			buildSettings = {
				ASSETCATALOG_COMPILER_APPICON_NAME = AppIcon;
				ASSETCATALOG_COMPILER_GLOBAL_ACCENT_COLOR_NAME = AccentColor;
				CODE_SIGN_STYLE = Automatic;
				CURRENT_PROJECT_VERSION = 1;
				DEVELOPMENT_ASSET_PATHS = "\"Swiftnews/Preview Content\"";
				DEVELOPMENT_TEAM = UC9H5CAUFU;
				ENABLE_PREVIEWS = YES;
				GENERATE_INFOPLIST_FILE = YES;
				INFOPLIST_KEY_UIApplicationSceneManifest_Generation = YES;
				INFOPLIST_KEY_UIApplicationSupportsIndirectInputEvents = YES;
				INFOPLIST_KEY_UILaunchScreen_Generation = YES;
				INFOPLIST_KEY_UISupportedInterfaceOrientations_iPad = "UIInterfaceOrientationPortrait UIInterfaceOrientationPortraitUpsideDown UIInterfaceOrientationLandscapeLeft UIInterfaceOrientationLandscapeRight";
				INFOPLIST_KEY_UISupportedInterfaceOrientations_iPhone = "UIInterfaceOrientationPortrait UIInterfaceOrientationLandscapeLeft UIInterfaceOrientationLandscapeRight";
				LD_RUNPATH_SEARCH_PATHS = (
					"$(inherited)",
					"@executable_path/Frameworks",
				);
				MARKETING_VERSION = 1.0;
				PRODUCT_BUNDLE_IDENTIFIER = com.scrmlist.Swiftnews;
				PRODUCT_NAME = "$(TARGET_NAME)";
				SWIFT_EMIT_LOC_STRINGS = YES;
				SWIFT_VERSION = 5.0;
				TARGETED_DEVICE_FAMILY = "1,2";
			};
			name = Debug;
		};
		00264D2628B4F44000F9BE72 /* Release */ = {
			isa = XCBuildConfiguration;
			buildSettings = {
				ASSETCATALOG_COMPILER_APPICON_NAME = AppIcon;
				ASSETCATALOG_COMPILER_GLOBAL_ACCENT_COLOR_NAME = AccentColor;
				CODE_SIGN_STYLE = Automatic;
				CURRENT_PROJECT_VERSION = 1;
				DEVELOPMENT_ASSET_PATHS = "\"Swiftnews/Preview Content\"";
				DEVELOPMENT_TEAM = UC9H5CAUFU;
				ENABLE_PREVIEWS = YES;
				GENERATE_INFOPLIST_FILE = YES;
				INFOPLIST_KEY_UIApplicationSceneManifest_Generation = YES;
				INFOPLIST_KEY_UIApplicationSupportsIndirectInputEvents = YES;
				INFOPLIST_KEY_UILaunchScreen_Generation = YES;
				INFOPLIST_KEY_UISupportedInterfaceOrientations_iPad = "UIInterfaceOrientationPortrait UIInterfaceOrientationPortraitUpsideDown UIInterfaceOrientationLandscapeLeft UIInterfaceOrientationLandscapeRight";
				INFOPLIST_KEY_UISupportedInterfaceOrientations_iPhone = "UIInterfaceOrientationPortrait UIInterfaceOrientationLandscapeLeft UIInterfaceOrientationLandscapeRight";
				LD_RUNPATH_SEARCH_PATHS = (
					"$(inherited)",
					"@executable_path/Frameworks",
				);
				MARKETING_VERSION = 1.0;
				PRODUCT_BUNDLE_IDENTIFIER = com.scrmlist.Swiftnews;
				PRODUCT_NAME = "$(TARGET_NAME)";
				SWIFT_EMIT_LOC_STRINGS = YES;
				SWIFT_VERSION = 5.0;
				TARGETED_DEVICE_FAMILY = "1,2";
			};
			name = Release;
		};
/* End XCBuildConfiguration section */

/* Begin XCConfigurationList section */
		00264D1128B4F43A00F9BE72 /* Build configuration list for PBXProject "Swiftnews" */ = {
			isa = XCConfigurationList;
			buildConfigurations = (
				00264D2228B4F44000F9BE72 /* Debug */,
				00264D2328B4F44000F9BE72 /* Release */,
			);
			defaultConfigurationIsVisible = 0;
			defaultConfigurationName = Release;
		};
		00264D2428B4F44000F9BE72 /* Build configuration list for PBXNativeTarget "Swiftnews" */ = {
			isa = XCConfigurationList;
			buildConfigurations = (
				00264D2528B4F44000F9BE72 /* Debug */,
				00264D2628B4F44000F9BE72 /* Release */,
			);
			defaultConfigurationIsVisible = 0;
			defaultConfigurationName = Release;
		};
/* End XCConfigurationList section */

/* Begin XCRemoteSwiftPackageReference section */
		00FF802028B62A6400775E64 /* XCRemoteSwiftPackageReference "url-image" */ = {
			isa = XCRemoteSwiftPackageReference;
			repositoryURL = "https://github.com/dmytro-anokhin/url-image";
			requirement = {
				kind = upToNextMajorVersion;
				minimumVersion = 3.0.0;
			};
		};
/* End XCRemoteSwiftPackageReference section */

/* Begin XCSwiftPackageProductDependency section */
		00FF802128B62A6400775E64 /* URLImage */ = {
			isa = XCSwiftPackageProductDependency;
			package = 00FF802028B62A6400775E64 /* XCRemoteSwiftPackageReference "url-image" */;
			productName = URLImage;
		};
		00FF802328B62A6400775E64 /* URLImageStore */ = {
			isa = XCSwiftPackageProductDependency;
			package = 00FF802028B62A6400775E64 /* XCRemoteSwiftPackageReference "url-image" */;
			productName = URLImageStore;
		};
/* End XCSwiftPackageProductDependency section */
	};
	rootObject = 00264D0E28B4F43A00F9BE72 /* Project object */;
}
